
Microsoft Visual Studio Solution File, Format Version 12.00
# Visual Studio Version 17
VisualStudioVersion = 17.7.34024.191
MinimumVisualStudioVersion = 10.0.40219.1
Project("{9A19103F-16F7-4668-BE54-9A1E7A4F7556}") = "Scratch-Mini", "Scratch-Mini\Scratch-Mini.csproj", "{10E82A3A-BA19-40F8-9D04-92B34DD8C24A}"
EndProject
Project("{9A19103F-16F7-4668-BE54-9A1E7A4F7556}") = "Scratch-Mini-Tester", "Scratch-Mini-Tester\Scratch-Mini-Tester.csproj", "{CE488BF6-A9BD-4DA0-A24E-558467970494}"
EndProject
Project("{FAE04EC0-301F-11D3-BF4B-00C04F79EFBC}") = "Scratch-Mini-Forms", "Scratch-Mini-Forms\Scratch-Mini-Forms.csproj", "{CC63B479-4083-431F-9763-9813E52E1E05}"
EndProject
Global
	GlobalSection(SolutionConfigurationPlatforms) = preSolution
		Debug|Any CPU = Debug|Any CPU
		Release|Any CPU = Release|Any CPU
	EndGlobalSection
	GlobalSection(ProjectConfigurationPlatforms) = postSolution
		{10E82A3A-BA19-40F8-9D04-92B34DD8C24A}.Debug|Any CPU.ActiveCfg = Debug|Any CPU
		{10E82A3A-BA19-40F8-9D04-92B34DD8C24A}.Debug|Any CPU.Build.0 = Debug|Any CPU
		{10E82A3A-BA19-40F8-9D04-92B34DD8C24A}.Release|Any CPU.ActiveCfg = Release|Any CPU
		{10E82A3A-BA19-40F8-9D04-92B34DD8C24A}.Release|Any CPU.Build.0 = Release|Any CPU
		{CE488BF6-A9BD-4DA0-A24E-558467970494}.Debug|Any CPU.ActiveCfg = Debug|Any CPU
		{CE488BF6-A9BD-4DA0-A24E-558467970494}.Debug|Any CPU.Build.0 = Debug|Any CPU
		{CE488BF6-A9BD-4DA0-A24E-558467970494}.Release|Any CPU.ActiveCfg = Release|Any CPU
		{CE488BF6-A9BD-4DA0-A24E-558467970494}.Release|Any CPU.Build.0 = Release|Any CPU
		{CC63B479-4083-431F-9763-9813E52E1E05}.Debug|Any CPU.ActiveCfg = Debug|Any CPU
		{CC63B479-4083-431F-9763-9813E52E1E05}.Debug|Any CPU.Build.0 = Debug|Any CPU
		{CC63B479-4083-431F-9763-9813E52E1E05}.Release|Any CPU.ActiveCfg = Release|Any CPU
		{CC63B479-4083-431F-9763-9813E52E1E05}.Release|Any CPU.Build.0 = Release|Any CPU
	EndGlobalSection
	GlobalSection(SolutionProperties) = preSolution
		HideSolutionNode = FALSE
	EndGlobalSection
	GlobalSection(ExtensibilityGlobals) = postSolution
		SolutionGuid = {01E61667-AA95-45AD-8AD8-BC5C320B6132}
	EndGlobalSection
EndGlobal
